Microsoft Visual Studio Solution File, Format Version 12.00
# Visual Studio 2013
VisualStudioVersion = 12.0.40629.0
MinimumVisualStudioVersion = 10.0.40219.1
Project("{8BC9CEB8-8B4A-11D0-8D11-00A0C91BC942}") = "Botan", "src\libs\3rdparty\botan\Botan.vcxproj", "{9CA39E02-3A63-3FA5-8F99-BC7DB13E3859}"
EndProject
Project("{8BC9CEB8-8B4A-11D0-8D11-00A0C91BC942}") = "QSsh", "src\libs\ssh\QSsh.vcxproj", "{7FCFA13D-27B3-319A-A78B-322E93760446}"
	ProjectSection(ProjectDependencies) = postProject
		{9CA39E02-3A63-3FA5-8F99-BC7DB13E3859} = {9CA39E02-3A63-3FA5-8F99-BC7DB13E3859}
	EndProjectSection
EndProject
Project("{8BC9CEB8-8B4A-11D0-8D11-00A0C91BC942}") = "SecureUploader", "examples\SecureUploader\SecureUploader.vcxproj", "{D691C57A-9FDB-3D29-8D25-6AD272983446}"
	ProjectSection(ProjectDependencies) = postProject
		{9CA39E02-3A63-3FA5-8F99-BC7DB13E3859} = {9CA39E02-3A63-3FA5-8F99-BC7DB13E3859}
		{7FCFA13D-27B3-319A-A78B-322E93760446} = {7FCFA13D-27B3-319A-A78B-322E93760446}
	EndProjectSection
EndProject
Global
	GlobalSection(SolutionConfigurationPlatforms) = preSolution
		Debug|Win32 = Debug|Win32
		Debug|x64 = Debug|x64
		Release|Win32 = Release|Win32
		Release|x64 = Release|x64
	EndGlobalSection
	GlobalSection(ProjectConfigurationPlatforms) = postSolution
		{9CA39E02-3A63-3FA5-8F99-BC7DB13E3859}.Debug|Win32.ActiveCfg = Debug|Win32
		{9CA39E02-3A63-3FA5-8F99-BC7DB13E3859}.Debug|Win32.Build.0 = Debug|Win32
		{9CA39E02-3A63-3FA5-8F99-BC7DB13E3859}.Debug|x64.ActiveCfg = Debug|Win32
		{9CA39E02-3A63-3FA5-8F99-BC7DB13E3859}.Release|Win32.ActiveCfg = Release|Win32
		{9CA39E02-3A63-3FA5-8F99-BC7DB13E3859}.Release|Win32.Build.0 = Release|Win32
		{9CA39E02-3A63-3FA5-8F99-BC7DB13E3859}.Release|x64.ActiveCfg = Release|Win32
		{7FCFA13D-27B3-319A-A78B-322E93760446}.Debug|Win32.ActiveCfg = Debug|Win32
		{7FCFA13D-27B3-319A-A78B-322E93760446}.Debug|Win32.Build.0 = Debug|Win32
		{7FCFA13D-27B3-319A-A78B-322E93760446}.Debug|x64.ActiveCfg = Debug|Win32
		{7FCFA13D-27B3-319A-A78B-322E93760446}.Release|Win32.ActiveCfg = Release|Win32
		{7FCFA13D-27B3-319A-A78B-322E93760446}.Release|Win32.Build.0 = Release|Win32
		{7FCFA13D-27B3-319A-A78B-322E93760446}.Release|x64.ActiveCfg = Release|Win32
		{D691C57A-9FDB-3D29-8D25-6AD272983446}.Debug|Win32.ActiveCfg = Debug|Win32
		{D691C57A-9FDB-3D29-8D25-6AD272983446}.Debug|Win32.Build.0 = Debug|Win32
		{D691C57A-9FDB-3D29-8D25-6AD272983446}.Debug|x64.ActiveCfg = Debug|x64
		{D691C57A-9FDB-3D29-8D25-6AD272983446}.Debug|x64.Build.0 = Debug|x64
		{D691C57A-9FDB-3D29-8D25-6AD272983446}.Release|Win32.ActiveCfg = Release|Win32
		{D691C57A-9FDB-3D29-8D25-6AD272983446}.Release|Win32.Build.0 = Release|Win32
		{D691C57A-9FDB-3D29-8D25-6AD272983446}.Release|x64.ActiveCfg = Release|x64
		{D691C57A-9FDB-3D29-8D25-6AD272983446}.Release|x64.Build.0 = Release|x64
	EndGlobalSection
	GlobalSection(SolutionProperties) = preSolution
		HideSolutionNode = FALSE
	EndGlobalSection
	GlobalSection(ExtensibilityGlobals) = postSolution
		Qt5Version = msvc2013
	EndGlobalSection
EndGlobal
